
Microsoft Visual Studio Solution File, Format Version 11.00
# Visual Studio 2010
Project("{FAE04EC0-301F-11D3-BF4B-00C04F79EFBC}") = "UnityEngine.TestRunner", "UnityEngine.TestRunner.csproj", "{f7982ac9-0e8a-f47f-5a95-d50a61fa53a9}"
EndProject
Project("{FAE04EC0-301F-11D3-BF4B-00C04F79EFBC}") = "UnityEngine.UI", "UnityEngine.UI.csproj", "{c3ea6140-2412-6668-95a3-c9fa379efbeb}"
EndProject
Project("{FAE04EC0-301F-11D3-BF4B-00C04F79EFBC}") = "Unity.TextMeshPro", "Unity.TextMeshPro.csproj", "{cde1b192-8ba8-4d7e-99aa-679ed4991365}"
EndProject
Project("{FAE04EC0-301F-11D3-BF4B-00C04F79EFBC}") = "Unity.Timeline", "Unity.Timeline.csproj", "{b79c5e64-d69f-0e1f-7da3-d67b40c0f642}"
EndProject
Project("{FAE04EC0-301F-11D3-BF4B-00C04F79EFBC}") = "UnityEditor.TestRunner", "UnityEditor.TestRunner.csproj", "{ee74ed37-8dd0-ee85-978e-7b8381d77844}"
EndProject
Project("{FAE04EC0-301F-11D3-BF4B-00C04F79EFBC}") = "Unity.VisualStudio.Editor", "Unity.VisualStudio.Editor.csproj", "{63d6fdac-ebe0-f525-bd3e-37bf2be277dc}"
EndProject
Project("{FAE04EC0-301F-11D3-BF4B-00C04F79EFBC}") = "Unity.TextMeshPro.Editor", "Unity.TextMeshPro.Editor.csproj", "{1ef723c7-5706-1098-5107-bf25ac566089}"
EndProject
Project("{FAE04EC0-301F-11D3-BF4B-00C04F79EFBC}") = "Unity.Timeline.Editor", "Unity.Timeline.Editor.csproj", "{863409b4-75f0-d9f2-c284-0fe9bc36b699}"
EndProject
Project("{FAE04EC0-301F-11D3-BF4B-00C04F79EFBC}") = "Unity.PlasticSCM.Editor", "Unity.PlasticSCM.Editor.csproj", "{f989477d-ba10-9020-ab11-cc248075080e}"
EndProject
Project("{FAE04EC0-301F-11D3-BF4B-00C04F79EFBC}") = "UnityEditor.UI", "UnityEditor.UI.csproj", "{b9301d74-ee9c-60d3-d31e-8b3a2313ddda}"
EndProject
Project("{FAE04EC0-301F-11D3-BF4B-00C04F79EFBC}") = "Unity.Rider.Editor", "Unity.Rider.Editor.csproj", "{c160f391-bf5e-3655-266c-04c4d4aa3e3d}"
EndProject
Project("{FAE04EC0-301F-11D3-BF4B-00C04F79EFBC}") = "Unity.CollabProxy.Editor", "Unity.CollabProxy.Editor.csproj", "{889a26c1-4b39-91fb-65dd-1d2c114ef778}"
EndProject
Project("{FAE04EC0-301F-11D3-BF4B-00C04F79EFBC}") = "Unity.VSCode.Editor", "Unity.VSCode.Editor.csproj", "{da28f9ec-a487-2299-e7d0-ac5a8105a17f}"
EndProject
Global
	GlobalSection(SolutionConfigurationPlatforms) = preSolution
		Debug|Any CPU = Debug|Any CPU
	EndGlobalSection
	GlobalSection(ProjectConfigurationPlatforms) = postSolution
		{f7982ac9-0e8a-f47f-5a95-d50a61fa53a9}.Debug|Any CPU.ActiveCfg = Debug|Any CPU
		{f7982ac9-0e8a-f47f-5a95-d50a61fa53a9}.Debug|Any CPU.Build.0 = Debug|Any CPU
		{c3ea6140-2412-6668-95a3-c9fa379efbeb}.Debug|Any CPU.ActiveCfg = Debug|Any CPU
		{c3ea6140-2412-6668-95a3-c9fa379efbeb}.Debug|Any CPU.Build.0 = Debug|Any CPU
		{cde1b192-8ba8-4d7e-99aa-679ed4991365}.Debug|Any CPU.ActiveCfg = Debug|Any CPU
		{cde1b192-8ba8-4d7e-99aa-679ed4991365}.Debug|Any CPU.Build.0 = Debug|Any CPU
		{b79c5e64-d69f-0e1f-7da3-d67b40c0f642}.Debug|Any CPU.ActiveCfg = Debug|Any CPU
		{b79c5e64-d69f-0e1f-7da3-d67b40c0f642}.Debug|Any CPU.Build.0 = Debug|Any CPU
		{ee74ed37-8dd0-ee85-978e-7b8381d77844}.Debug|Any CPU.ActiveCfg = Debug|Any CPU
		{ee74ed37-8dd0-ee85-978e-7b8381d77844}.Debug|Any CPU.Build.0 = Debug|Any CPU
		{63d6fdac-ebe0-f525-bd3e-37bf2be277dc}.Debug|Any CPU.ActiveCfg = Debug|Any CPU
		{63d6fdac-ebe0-f525-bd3e-37bf2be277dc}.Debug|Any CPU.Build.0 = Debug|Any CPU
		{1ef723c7-5706-1098-5107-bf25ac566089}.Debug|Any CPU.ActiveCfg = Debug|Any CPU
		{1ef723c7-5706-1098-5107-bf25ac566089}.Debug|Any CPU.Build.0 = Debug|Any CPU
		{863409b4-75f0-d9f2-c284-0fe9bc36b699}.Debug|Any CPU.ActiveCfg = Debug|Any CPU
		{863409b4-75f0-d9f2-c284-0fe9bc36b699}.Debug|Any CPU.Build.0 = Debug|Any CPU
		{f989477d-ba10-9020-ab11-cc248075080e}.Debug|Any CPU.ActiveCfg = Debug|Any CPU
		{f989477d-ba10-9020-ab11-cc248075080e}.Debug|Any CPU.Build.0 = Debug|Any CPU
		{b9301d74-ee9c-60d3-d31e-8b3a2313ddda}.Debug|Any CPU.ActiveCfg = Debug|Any CPU
		{b9301d74-ee9c-60d3-d31e-8b3a2313ddda}.Debug|Any CPU.Build.0 = Debug|Any CPU
		{c160f391-bf5e-3655-266c-04c4d4aa3e3d}.Debug|Any CPU.ActiveCfg = Debug|Any CPU
		{c160f391-bf5e-3655-266c-04c4d4aa3e3d}.Debug|Any CPU.Build.0 = Debug|Any CPU
		{889a26c1-4b39-91fb-65dd-1d2c114ef778}.Debug|Any CPU.ActiveCfg = Debug|Any CPU
		{889a26c1-4b39-91fb-65dd-1d2c114ef778}.Debug|Any CPU.Build.0 = Debug|Any CPU
		{da28f9ec-a487-2299-e7d0-ac5a8105a17f}.Debug|Any CPU.ActiveCfg = Debug|Any CPU
		{da28f9ec-a487-2299-e7d0-ac5a8105a17f}.Debug|Any CPU.Build.0 = Debug|Any CPU
	EndGlobalSection
	GlobalSection(SolutionProperties) = preSolution
		HideSolutionNode = FALSE
	EndGlobalSection
EndGlobal
