
Microsoft Visual Studio Solution File, Format Version 12.00
# Visual Studio 15
Project("{FAE04EC0-301F-11D3-BF4B-00C04F79EFBC}") = "Assembly-CSharp", "Assembly-CSharp.csproj", "{EAF09896-BF75-1396-5259-126976041290}"
EndProject
Project("{FAE04EC0-301F-11D3-BF4B-00C04F79EFBC}") = "Assembly-CSharp-firstpass", "Assembly-CSharp-firstpass.csproj", "{712AA26E-4353-D62B-00D8-C907FE820C30}"
EndProject
Project("{FAE04EC0-301F-11D3-BF4B-00C04F79EFBC}") = "Assembly-CSharp-Editor", "Assembly-CSharp-Editor.csproj", "{A7F5D94A-2ABD-AC96-0D25-951D76A937AB}"
EndProject
Global
	GlobalSection(SolutionConfigurationPlatforms) = preSolution
		Debug|Any CPU = Debug|Any CPU
		Release|Any CPU = Release|Any CPU
	EndGlobalSection
	GlobalSection(ProjectConfigurationPlatforms) = postSolution
		{EAF09896-BF75-1396-5259-126976041290}.Debug|Any CPU.ActiveCfg = Debug|Any CPU
		{EAF09896-BF75-1396-5259-126976041290}.Debug|Any CPU.Build.0 = Debug|Any CPU
		{EAF09896-BF75-1396-5259-126976041290}.Release|Any CPU.ActiveCfg = Release|Any CPU
		{EAF09896-BF75-1396-5259-126976041290}.Release|Any CPU.Build.0 = Release|Any CPU
		{712AA26E-4353-D62B-00D8-C907FE820C30}.Debug|Any CPU.ActiveCfg = Debug|Any CPU
		{712AA26E-4353-D62B-00D8-C907FE820C30}.Debug|Any CPU.Build.0 = Debug|Any CPU
		{712AA26E-4353-D62B-00D8-C907FE820C30}.Release|Any CPU.ActiveCfg = Release|Any CPU
		{712AA26E-4353-D62B-00D8-C907FE820C30}.Release|Any CPU.Build.0 = Release|Any CPU
		{A7F5D94A-2ABD-AC96-0D25-951D76A937AB}.Debug|Any CPU.ActiveCfg = Debug|Any CPU
		{A7F5D94A-2ABD-AC96-0D25-951D76A937AB}.Debug|Any CPU.Build.0 = Debug|Any CPU
		{A7F5D94A-2ABD-AC96-0D25-951D76A937AB}.Release|Any CPU.ActiveCfg = Release|Any CPU
		{A7F5D94A-2ABD-AC96-0D25-951D76A937AB}.Release|Any CPU.Build.0 = Release|Any CPU
	EndGlobalSection
	GlobalSection(SolutionProperties) = preSolution
		HideSolutionNode = FALSE
	EndGlobalSection
EndGlobal
